
Microsoft Visual Studio Solution File, Format Version 12.00
# Visual Studio Version 16
VisualStudioVersion = 16.0.30611.23
MinimumVisualStudioVersion = 10.0.40219.1
Project("{9A19103F-16F7-4668-BE54-9A1E7A4F7556}") = "AssetFinancingTask", "AssetFinancingTask.csproj", "{9C3E220E-4F84-4C9C-A761-7DD05C755AF8}"
EndProject
Global
	GlobalSection(SolutionConfigurationPlatforms) = preSolution
		Debug|Any CPU = Debug|Any CPU
		Release|Any CPU = Release|Any CPU
	EndGlobalSection
	GlobalSection(ProjectConfigurationPlatforms) = postSolution
		{9C3E220E-4F84-4C9C-A761-7DD05C755AF8}.Debug|Any CPU.ActiveCfg = Debug|Any CPU
		{9C3E220E-4F84-4C9C-A761-7DD05C755AF8}.Debug|Any CPU.Build.0 = Debug|Any CPU
		{9C3E220E-4F84-4C9C-A761-7DD05C755AF8}.Release|Any CPU.ActiveCfg = Release|Any CPU
		{9C3E220E-4F84-4C9C-A761-7DD05C755AF8}.Release|Any CPU.Build.0 = Release|Any CPU
	EndGlobalSection
	GlobalSection(SolutionProperties) = preSolution
		HideSolutionNode = FALSE
	EndGlobalSection
	GlobalSection(ExtensibilityGlobals) = postSolution
		SolutionGuid = {53DE5BB9-63C2-4A83-B8BA-1FC68EA6D344}
	EndGlobalSection
EndGlobal
